
Microsoft Visual Studio Solution File, Format Version 12.00
# Visual Studio 15
VisualStudioVersion = 15.0.27428.2002
MinimumVisualStudioVersion = 10.0.40219.1
Project("{FAE04EC0-301F-11D3-BF4B-00C04F79EFBC}") = "HGame", "HGame\HGame.csproj", "{4239F3EB-4304-4B28-896E-1EDB1FC1DEB7}"
EndProject
Global
	GlobalSection(SolutionConfigurationPlatforms) = preSolution
		Debug|Any CPU = Debug|Any CPU
		Release|Any CPU = Release|Any CPU
	EndGlobalSection
	GlobalSection(ProjectConfigurationPlatforms) = postSolution
		{4239F3EB-4304-4B28-896E-1EDB1FC1DEB7}.Debug|Any CPU.ActiveCfg = Debug|Any CPU
		{4239F3EB-4304-4B28-896E-1EDB1FC1DEB7}.Debug|Any CPU.Build.0 = Debug|Any CPU
		{4239F3EB-4304-4B28-896E-1EDB1FC1DEB7}.Release|Any CPU.ActiveCfg = Release|Any CPU
		{4239F3EB-4304-4B28-896E-1EDB1FC1DEB7}.Release|Any CPU.Build.0 = Release|Any CPU
	EndGlobalSection
	GlobalSection(SolutionProperties) = preSolution
		HideSolutionNode = FALSE
	EndGlobalSection
	GlobalSection(ExtensibilityGlobals) = postSolution
		SolutionGuid = {D76446B1-076E-43A9-8928-8D350C068B06}
	EndGlobalSection
EndGlobal
